
Microsoft Visual Studio Solution File, Format Version 12.00
# Visual Studio Version 17
VisualStudioVersion = 17.8.34309.116
MinimumVisualStudioVersion = 10.0.40219.1
Project("{FAE04EC0-301F-11D3-BF4B-00C04F79EFBC}") = "SHSClub", "SHSClub\SHSClub.csproj", "{89AA6E52-06B7-4216-8FC4-76A1EFF782E3}"
EndProject
Global
	GlobalSection(SolutionConfigurationPlatforms) = preSolution
		Debug|Any CPU = Debug|Any CPU
		Release|Any CPU = Release|Any CPU
	EndGlobalSection
	GlobalSection(ProjectConfigurationPlatforms) = postSolution
		{89AA6E52-06B7-4216-8FC4-76A1EFF782E3}.Debug|Any CPU.ActiveCfg = Debug|Any CPU
		{89AA6E52-06B7-4216-8FC4-76A1EFF782E3}.Debug|Any CPU.Build.0 = Debug|Any CPU
		{89AA6E52-06B7-4216-8FC4-76A1EFF782E3}.Release|Any CPU.ActiveCfg = Release|Any CPU
		{89AA6E52-06B7-4216-8FC4-76A1EFF782E3}.Release|Any CPU.Build.0 = Release|Any CPU
	EndGlobalSection
	GlobalSection(SolutionProperties) = preSolution
		HideSolutionNode = FALSE
	EndGlobalSection
	GlobalSection(ExtensibilityGlobals) = postSolution
		SolutionGuid = {8C94439A-CAD4-4BBB-A07D-C33BC0316220}
	EndGlobalSection
EndGlobal
